// !$*UTF8*$!
{
	archiveVersion = 1;
	classes = {
	};
	objectVersion = 48;
	objects = {

/* Begin PBXBuildFile section */
		346156704F4024C1F30433A4 /* Pods_PushTapTests.framework in Frameworks */ = {isa = PBXBuildFile; fileRef = 1378A0621EE71067BA545ADF /* Pods_PushTapTests.framework */; };
		5B0EFD05346498D0C15097A9 /* Pods_PushTap.framework in Frameworks */ = {isa = PBXBuildFile; fileRef = 323C815A99D3B9A0CDA11156 /* Pods_PushTap.framework */; };
		846539CB61BA072E6BB45D21 /* Pods_PushTapUITests.framework in Frameworks */ = {isa = PBXBuildFile; fileRef = 3FF63977AB6D4B8F4B28508D /* Pods_PushTapUITests.framework */; };
		F76EABD4202381B400BE7279 /* GameOverScreen.swift in Sources */ = {isa = PBXBuildFile; fileRef = F76EABD3202381B400BE7279 /* GameOverScreen.swift */; };
		F7F533BA20104A16004A214D /* AppDelegate.swift in Sources */ = {isa = PBXBuildFile; fileRef = F7F533B920104A16004A214D /* AppDelegate.swift */; };
		F7F533BC20104A16004A214D /* GameScene.sks in Resources */ = {isa = PBXBuildFile; fileRef = F7F533BB20104A16004A214D /* GameScene.sks */; };
		F7F533BE20104A16004A214D /* Actions.sks in Resources */ = {isa = PBXBuildFile; fileRef = F7F533BD20104A16004A214D /* Actions.sks */; };
		F7F533C020104A16004A214D /* GameScene.swift in Sources */ = {isa = PBXBuildFile; fileRef = F7F533BF20104A16004A214D /* GameScene.swift */; };
		F7F533C220104A16004A214D /* GameViewController.swift in Sources */ = {isa = PBXBuildFile; fileRef = F7F533C120104A16004A214D /* GameViewController.swift */; };
		F7F533C520104A16004A214D /* Main.storyboard in Resources */ = {isa = PBXBuildFile; fileRef = F7F533C320104A16004A214D /* Main.storyboard */; };
		F7F533C720104A16004A214D /* Assets.xcassets in Resources */ = {isa = PBXBuildFile; fileRef = F7F533C620104A16004A214D /* Assets.xcassets */; };
		F7F533CA20104A16004A214D /* LaunchScreen.storyboard in Resources */ = {isa = PBXBuildFile; fileRef = F7F533C820104A16004A214D /* LaunchScreen.storyboard */; };
		F7F533D520104A16004A214D /* PushTapTests.swift in Sources */ = {isa = PBXBuildFile; fileRef = F7F533D420104A16004A214D /* PushTapTests.swift */; };
		F7F533E020104A16004A214D /* PushTapUITests.swift in Sources */ = {isa = PBXBuildFile; fileRef = F7F533DF20104A16004A214D /* PushTapUITests.swift */; };
		F7FDECBC2019360000D52E2A /* GoogleService-Info.plist in Resources */ = {isa = PBXBuildFile; fileRef = F7FDECBB2019360000D52E2A /* GoogleService-Info.plist */; };
		F7FDECBD2019360000D52E2A /* GoogleService-Info.plist in Resources */ = {isa = PBXBuildFile; fileRef = F7FDECBB2019360000D52E2A /* GoogleService-Info.plist */; };
		F7FDECBE2019360000D52E2A /* GoogleService-Info.plist in Resources */ = {isa = PBXBuildFile; fileRef = F7FDECBB2019360000D52E2A /* GoogleService-Info.plist */; };
		F7FDED0E2019BD0500D52E2A /* StartMenu.swift in Sources */ = {isa = PBXBuildFile; fileRef = F7FDED0D2019BD0500D52E2A /* StartMenu.swift */; };
/* End PBXBuildFile section */

/* Begin PBXContainerItemProxy section */
		F7F533D120104A16004A214D /* PBXContainerItemProxy */ = {
			isa = PBXContainerItemProxy;
			containerPortal = F7F533AE20104A16004A214D /* Project object */;
			proxyType = 1;
			remoteGlobalIDString = F7F533B520104A16004A214D;
			remoteInfo = PushTap;
		};
		F7F533DC20104A16004A214D /* PBXContainerItemProxy */ = {
			isa = PBXContainerItemProxy;
			containerPortal = F7F533AE20104A16004A214D /* Project object */;
			proxyType = 1;
			remoteGlobalIDString = F7F533B520104A16004A214D;
			remoteInfo = PushTap;
		};
/* End PBXContainerItemProxy section */

/* Begin PBXFileReference section */
		1378A0621EE71067BA545ADF /* Pods_PushTapTests.framework */ = {isa = PBXFileReference; explicitFileType = wrapper.framework; includeInIndex = 0; path = Pods_PushTapTests.framework; sourceTree = BUILT_PRODUCTS_DIR; };
		1D3410F8E409279CF350C2C7 /* Pods-PushTapTests.debug.xcconfig */ = {isa = PBXFileReference; includeInIndex = 1; lastKnownFileType = text.xcconfig; name = "Pods-PushTapTests.debug.xcconfig"; path = "Pods/Target Support Files/Pods-PushTapTests/Pods-PushTapTests.debug.xcconfig"; sourceTree = "<group>"; };
		28E9029CE512EA67B4CED225 /* Pods-PushTapTests.release.xcconfig */ = {isa = PBXFileReference; includeInIndex = 1; lastKnownFileType = text.xcconfig; name = "Pods-PushTapTests.release.xcconfig"; path = "Pods/Target Support Files/Pods-PushTapTests/Pods-PushTapTests.release.xcconfig"; sourceTree = "<group>"; };
		323C815A99D3B9A0CDA11156 /* Pods_PushTap.framework */ = {isa = PBXFileReference; explicitFileType = wrapper.framework; includeInIndex = 0; path = Pods_PushTap.framework; sourceTree = BUILT_PRODUCTS_DIR; };
		387B3B10CFD3CE254AA97D91 /* Pods-PushTap.debug.xcconfig */ = {isa = PBXFileReference; includeInIndex = 1; lastKnownFileType = text.xcconfig; name = "Pods-PushTap.debug.xcconfig"; path = "Pods/Target Support Files/Pods-PushTap/Pods-PushTap.debug.xcconfig"; sourceTree = "<group>"; };
		3E3FA8FA0D789E5C00A7FDA2 /* Pods-PushTapUITests.debug.xcconfig */ = {isa = PBXFileReference; includeInIndex = 1; lastKnownFileType = text.xcconfig; name = "Pods-PushTapUITests.debug.xcconfig"; path = "Pods/Target Support Files/Pods-PushTapUITests/Pods-PushTapUITests.debug.xcconfig"; sourceTree = "<group>"; };
		3FF63977AB6D4B8F4B28508D /* Pods_PushTapUITests.framework */ = {isa = PBXFileReference; explicitFileType = wrapper.framework; includeInIndex = 0; path = Pods_PushTapUITests.framework; sourceTree = BUILT_PRODUCTS_DIR; };
		62B55D6FBC5EF34A288000C7 /* Pods-PushTap.release.xcconfig */ = {isa = PBXFileReference; includeInIndex = 1; lastKnownFileType = text.xcconfig; name = "Pods-PushTap.release.xcconfig"; path = "Pods/Target Support Files/Pods-PushTap/Pods-PushTap.release.xcconfig"; sourceTree = "<group>"; };
		6EFEA7652921650244813DF3 /* Pods-PushTapUITests.release.xcconfig */ = {isa = PBXFileReference; includeInIndex = 1; lastKnownFileType = text.xcconfig; name = "Pods-PushTapUITests.release.xcconfig"; path = "Pods/Target Support Files/Pods-PushTapUITests/Pods-PushTapUITests.release.xcconfig"; sourceTree = "<group>"; };
		F76EABD3202381B400BE7279 /* GameOverScreen.swift */ = {isa = PBXFileReference; lastKnownFileType = sourcecode.swift; path = GameOverScreen.swift; sourceTree = "<group>"; };
		F7F533B620104A16004A214D /* PushTap.app */ = {isa = PBXFileReference; explicitFileType = wrapper.application; includeInIndex = 0; path = PushTap.app; sourceTree = BUILT_PRODUCTS_DIR; };
		F7F533B920104A16004A214D /* AppDelegate.swift */ = {isa = PBXFileReference; lastKnownFileType = sourcecode.swift; path = AppDelegate.swift; sourceTree = "<group>"; };
		F7F533BB20104A16004A214D /* GameScene.sks */ = {isa = PBXFileReference; lastKnownFileType = file.sks; path = GameScene.sks; sourceTree = "<group>"; };
		F7F533BD20104A16004A214D /* Actions.sks */ = {isa = PBXFileReference; lastKnownFileType = file.sks; path = Actions.sks; sourceTree = "<group>"; };
		F7F533BF20104A16004A214D /* GameScene.swift */ = {isa = PBXFileReference; lastKnownFileType = sourcecode.swift; path = GameScene.swift; sourceTree = "<group>"; };
		F7F533C120104A16004A214D /* GameViewController.swift */ = {isa = PBXFileReference; lastKnownFileType = sourcecode.swift; path = GameViewController.swift; sourceTree = "<group>"; };
		F7F533C420104A16004A214D /* Base */ = {isa = PBXFileReference; lastKnownFileType = file.storyboard; name = Base; path = Base.lproj/Main.storyboard; sourceTree = "<group>"; };
		F7F533C620104A16004A214D /* Assets.xcassets */ = {isa = PBXFileReference; lastKnownFileType = folder.assetcatalog; path = Assets.xcassets; sourceTree = "<group>"; };
		F7F533C920104A16004A214D /* Base */ = {isa = PBXFileReference; lastKnownFileType = file.storyboard; name = Base; path = Base.lproj/LaunchScreen.storyboard; sourceTree = "<group>"; };
		F7F533CB20104A16004A214D /* Info.plist */ = {isa = PBXFileReference; lastKnownFileType = text.plist.xml; path = Info.plist; sourceTree = "<group>"; };
		F7F533D020104A16004A214D /* PushTapTests.xctest */ = {isa = PBXFileReference; explicitFileType = wrapper.cfbundle; includeInIndex = 0; path = PushTapTests.xctest; sourceTree = BUILT_PRODUCTS_DIR; };
		F7F533D420104A16004A214D /* PushTapTests.swift */ = {isa = PBXFileReference; lastKnownFileType = sourcecode.swift; path = PushTapTests.swift; sourceTree = "<group>"; };
		F7F533D620104A16004A214D /* Info.plist */ = {isa = PBXFileReference; lastKnownFileType = text.plist.xml; path = Info.plist; sourceTree = "<group>"; };
		F7F533DB20104A16004A214D /* PushTapUITests.xctest */ = {isa = PBXFileReference; explicitFileType = wrapper.cfbundle; includeInIndex = 0; path = PushTapUITests.xctest; sourceTree = BUILT_PRODUCTS_DIR; };
		F7F533DF20104A16004A214D /* PushTapUITests.swift */ = {isa = PBXFileReference; lastKnownFileType = sourcecode.swift; path = PushTapUITests.swift; sourceTree = "<group>"; };
		F7F533E120104A16004A214D /* Info.plist */ = {isa = PBXFileReference; lastKnownFileType = text.plist.xml; path = Info.plist; sourceTree = "<group>"; };
		F7FDECBB2019360000D52E2A /* GoogleService-Info.plist */ = {isa = PBXFileReference; fileEncoding = 4; lastKnownFileType = text.plist.xml; name = "GoogleService-Info.plist"; path = "../../../../Downloads/GoogleService-Info.plist"; sourceTree = "<group>"; };
		F7FDED0D2019BD0500D52E2A /* StartMenu.swift */ = {isa = PBXFileReference; fileEncoding = 4; lastKnownFileType = sourcecode.swift; path = StartMenu.swift; sourceTree = SOURCE_ROOT; };
/* End PBXFileReference section */

/* Begin PBXFrameworksBuildPhase section */
		F7F533B320104A16004A214D /* Frameworks */ = {
			isa = PBXFrameworksBuildPhase;
			buildActionMask = 2147483647;
			files = (
				5B0EFD05346498D0C15097A9 /* Pods_PushTap.framework in Frameworks */,
			);
			runOnlyForDeploymentPostprocessing = 0;
		};
		F7F533CD20104A16004A214D /* Frameworks */ = {
			isa = PBXFrameworksBuildPhase;
			buildActionMask = 2147483647;
			files = (
				346156704F4024C1F30433A4 /* Pods_PushTapTests.framework in Frameworks */,
			);
			runOnlyForDeploymentPostprocessing = 0;
		};
		F7F533D820104A16004A214D /* Frameworks */ = {
			isa = PBXFrameworksBuildPhase;
			buildActionMask = 2147483647;
			files = (
				846539CB61BA072E6BB45D21 /* Pods_PushTapUITests.framework in Frameworks */,
			);
			runOnlyForDeploymentPostprocessing = 0;
		};
/* End PBXFrameworksBuildPhase section */

/* Begin PBXGroup section */
		09CF82D34B29AA0089F0AF7D /* Frameworks */ = {
			isa = PBXGroup;
			children = (
				323C815A99D3B9A0CDA11156 /* Pods_PushTap.framework */,
				1378A0621EE71067BA545ADF /* Pods_PushTapTests.framework */,
				3FF63977AB6D4B8F4B28508D /* Pods_PushTapUITests.framework */,
			);
			name = Frameworks;
			sourceTree = "<group>";
		};
		6CA56144E795F6551AB2EA50 /* Pods */ = {
			isa = PBXGroup;
			children = (
				387B3B10CFD3CE254AA97D91 /* Pods-PushTap.debug.xcconfig */,
				62B55D6FBC5EF34A288000C7 /* Pods-PushTap.release.xcconfig */,
				1D3410F8E409279CF350C2C7 /* Pods-PushTapTests.debug.xcconfig */,
				28E9029CE512EA67B4CED225 /* Pods-PushTapTests.release.xcconfig */,
				3E3FA8FA0D789E5C00A7FDA2 /* Pods-PushTapUITests.debug.xcconfig */,
				6EFEA7652921650244813DF3 /* Pods-PushTapUITests.release.xcconfig */,
			);
			name = Pods;
			sourceTree = "<group>";
		};
		F7F533AD20104A16004A214D = {
			isa = PBXGroup;
			children = (
				F7F533B820104A16004A214D /* PushTap */,
				F7F533D320104A16004A214D /* PushTapTests */,
				F7F533DE20104A16004A214D /* PushTapUITests */,
				F7F533B720104A16004A214D /* Products */,
				6CA56144E795F6551AB2EA50 /* Pods */,
				09CF82D34B29AA0089F0AF7D /* Frameworks */,
			);
			sourceTree = "<group>";
		};
		F7F533B720104A16004A214D /* Products */ = {
			isa = PBXGroup;
			children = (
				F7F533B620104A16004A214D /* PushTap.app */,
				F7F533D020104A16004A214D /* PushTapTests.xctest */,
				F7F533DB20104A16004A214D /* PushTapUITests.xctest */,
			);
			name = Products;
			sourceTree = "<group>";
		};
		F7F533B820104A16004A214D /* PushTap */ = {
			isa = PBXGroup;
			children = (
				F7FDED0D2019BD0500D52E2A /* StartMenu.swift */,
				F7F533B920104A16004A214D /* AppDelegate.swift */,
				F7F533BB20104A16004A214D /* GameScene.sks */,
				F7F533BD20104A16004A214D /* Actions.sks */,
				F7F533BF20104A16004A214D /* GameScene.swift */,
				F76EABD3202381B400BE7279 /* GameOverScreen.swift */,
				F7F533C120104A16004A214D /* GameViewController.swift */,
				F7F533C320104A16004A214D /* Main.storyboard */,
				F7F533C620104A16004A214D /* Assets.xcassets */,
				F7F533C820104A16004A214D /* LaunchScreen.storyboard */,
				F7F533CB20104A16004A214D /* Info.plist */,
				F7FDECBB2019360000D52E2A /* GoogleService-Info.plist */,
			);
			path = PushTap;
			sourceTree = "<group>";
		};
		F7F533D320104A16004A214D /* PushTapTests */ = {
			isa = PBXGroup;
			children = (
				F7F533D420104A16004A214D /* PushTapTests.swift */,
				F7F533D620104A16004A214D /* Info.plist */,
			);
			path = PushTapTests;
			sourceTree = "<group>";
		};
		F7F533DE20104A16004A214D /* PushTapUITests */ = {
			isa = PBXGroup;
			children = (
				F7F533DF20104A16004A214D /* PushTapUITests.swift */,
				F7F533E120104A16004A214D /* Info.plist */,
			);
			path = PushTapUITests;
			sourceTree = "<group>";
		};
/* End PBXGroup section */

/* Begin PBXNativeTarget section */
		F7F533B520104A16004A214D /* PushTap */ = {
			isa = PBXNativeTarget;
			buildConfigurationList = F7F533E420104A16004A214D /* Build configuration list for PBXNativeTarget "PushTap" */;
			buildPhases = (
				7B70A441B84FF0A9DBCE1AFF /* [CP] Check Pods Manifest.lock */,
				F7F533B220104A16004A214D /* Sources */,
				F7F533B320104A16004A214D /* Frameworks */,
				F7F533B420104A16004A214D /* Resources */,
				583676FF1FCF41834184D45B /* [CP] Embed Pods Frameworks */,
				A5B69A1D4869F12ED2460D1A /* [CP] Copy Pods Resources */,
			);
			buildRules = (
			);
			dependencies = (
			);
			name = PushTap;
			productName = PushTap;
			productReference = F7F533B620104A16004A214D /* PushTap.app */;
			productType = "com.apple.product-type.application";
		};
		F7F533CF20104A16004A214D /* PushTapTests */ = {
			isa = PBXNativeTarget;
			buildConfigurationList = F7F533E720104A16004A214D /* Build configuration list for PBXNativeTarget "PushTapTests" */;
			buildPhases = (
				1D6F60306AC9AD86B54FAFDB /* [CP] Check Pods Manifest.lock */,
				F7F533CC20104A16004A214D /* Sources */,
				F7F533CD20104A16004A214D /* Frameworks */,
				F7F533CE20104A16004A214D /* Resources */,
				3DF99488BFDFE84ADBAF13D2 /* [CP] Embed Pods Frameworks */,
				5D30B01E85B1D6C77C6984D4 /* [CP] Copy Pods Resources */,
			);
			buildRules = (
			);
			dependencies = (
				F7F533D220104A16004A214D /* PBXTargetDependency */,
			);
			name = PushTapTests;
			productName = PushTapTests;
			productReference = F7F533D020104A16004A214D /* PushTapTests.xctest */;
			productType = "com.apple.product-type.bundle.unit-test";
		};
		F7F533DA20104A16004A214D /* PushTapUITests */ = {
			isa = PBXNativeTarget;
			buildConfigurationList = F7F533EA20104A16004A214D /* Build configuration list for PBXNativeTarget "PushTapUITests" */;
			buildPhases = (
				740C89B6FBAE3F3709530810 /* [CP] Check Pods Manifest.lock */,
				F7F533D720104A16004A214D /* Sources */,
				F7F533D820104A16004A214D /* Frameworks */,
				F7F533D920104A16004A214D /* Resources */,
				254ECA8F8D3CBAB6A9F9FC7A /* [CP] Embed Pods Frameworks */,
				5676FE7612FCB0AAB58C9883 /* [CP] Copy Pods Resources */,
			);
			buildRules = (
			);
			dependencies = (
				F7F533DD20104A16004A214D /* PBXTargetDependency */,
			);
			name = PushTapUITests;
			productName = PushTapUITests;
			productReference = F7F533DB20104A16004A214D /* PushTapUITests.xctest */;
			productType = "com.apple.product-type.bundle.ui-testing";
		};
/* End PBXNativeTarget section */

/* Begin PBXProject section */
		F7F533AE20104A16004A214D /* Project object */ = {
			isa = PBXProject;
			attributes = {
				LastSwiftUpdateCheck = 0910;
				LastUpgradeCheck = 0910;
				ORGANIZATIONNAME = "Mitchell Walters";
				TargetAttributes = {
					F7F533B520104A16004A214D = {
						CreatedOnToolsVersion = 9.1;
						ProvisioningStyle = Automatic;
					};
					F7F533CF20104A16004A214D = {
						CreatedOnToolsVersion = 9.1;
						ProvisioningStyle = Automatic;
						TestTargetID = F7F533B520104A16004A214D;
					};
					F7F533DA20104A16004A214D = {
						CreatedOnToolsVersion = 9.1;
						ProvisioningStyle = Automatic;
						TestTargetID = F7F533B520104A16004A214D;
					};
				};
			};
			buildConfigurationList = F7F533B120104A16004A214D /* Build configuration list for PBXProject "PushTap" */;
			compatibilityVersion = "Xcode 8.0";
			developmentRegion = en;
			hasScannedForEncodings = 0;
			knownRegions = (
				en,
				Base,
			);
			mainGroup = F7F533AD20104A16004A214D;
			productRefGroup = F7F533B720104A16004A214D /* Products */;
			projectDirPath = "";
			projectRoot = "";
			targets = (
				F7F533B520104A16004A214D /* PushTap */,
				F7F533CF20104A16004A214D /* PushTapTests */,
				F7F533DA20104A16004A214D /* PushTapUITests */,
			);
		};
/* End PBXProject section */

/* Begin PBXResourcesBuildPhase section */
		F7F533B420104A16004A214D /* Resources */ = {
			isa = PBXResourcesBuildPhase;
			buildActionMask = 2147483647;
			files = (
				F7F533C520104A16004A214D /* Main.storyboard in Resources */,
				F7F533BC20104A16004A214D /* GameScene.sks in Resources */,
				F7F533C720104A16004A214D /* Assets.xcassets in Resources */,
				F7F533CA20104A16004A214D /* LaunchScreen.storyboard in Resources */,
				F7F533BE20104A16004A214D /* Actions.sks in Resources */,
				F7FDECBC2019360000D52E2A /* GoogleService-Info.plist in Resources */,
			);
			runOnlyForDeploymentPostprocessing = 0;
		};
		F7F533CE20104A16004A214D /* Resources */ = {
			isa = PBXResourcesBuildPhase;
			buildActionMask = 2147483647;
			files = (
				F7FDECBD2019360000D52E2A /* GoogleService-Info.plist in Resources */,
			);
			runOnlyForDeploymentPostprocessing = 0;
		};
		F7F533D920104A16004A214D /* Resources */ = {
			isa = PBXResourcesBuildPhase;
			buildActionMask = 2147483647;
			files = (
				F7FDECBE2019360000D52E2A /* GoogleService-Info.plist in Resources */,
			);
			runOnlyForDeploymentPostprocessing = 0;
		};
/* End PBXResourcesBuildPhase section */

/* Begin PBXShellScriptBuildPhase section */
		1D6F60306AC9AD86B54FAFDB /* [CP] Check Pods Manifest.lock */ = {
			isa = PBXShellScriptBuildPhase;
			buildActionMask = 2147483647;
			files = (
			);
			inputPaths = (
				"${PODS_PODFILE_DIR_PATH}/Podfile.lock",
				"${PODS_ROOT}/Manifest.lock",
			);
			name = "[CP] Check Pods Manifest.lock";
			outputPaths = (
				"$(DERIVED_FILE_DIR)/Pods-PushTapTests-checkManifestLockResult.txt",
			);
			runOnlyForDeploymentPostprocessing = 0;
			shellPath = /bin/sh;
			shellScript = "diff \"${PODS_PODFILE_DIR_PATH}/Podfile.lock\" \"${PODS_ROOT}/Manifest.lock\" > /dev/null\nif [ $? != 0 ] ; then\n    # print error to STDERR\n    echo \"error: The sandbox is not in sync with the Podfile.lock. Run 'pod install' or update your CocoaPods installation.\" >&2\n    exit 1\nfi\n# This output is used by Xcode 'outputs' to avoid re-running this script phase.\necho \"SUCCESS\" > \"${SCRIPT_OUTPUT_FILE_0}\"\n";
			showEnvVarsInLog = 0;
		};
		254ECA8F8D3CBAB6A9F9FC7A /* [CP] Embed Pods Frameworks */ = {
			isa = PBXShellScriptBuildPhase;
			buildActionMask = 2147483647;
			files = (
			);
			inputPaths = (
			);
			name = "[CP] Embed Pods Frameworks";
			outputPaths = (
			);
			runOnlyForDeploymentPostprocessing = 0;
			shellPath = /bin/sh;
			shellScript = "\"${SRCROOT}/Pods/Target Support Files/Pods-PushTapUITests/Pods-PushTapUITests-frameworks.sh\"\n";
			showEnvVarsInLog = 0;
		};
		3DF99488BFDFE84ADBAF13D2 /* [CP] Embed Pods Frameworks */ = {
			isa = PBXShellScriptBuildPhase;
			buildActionMask = 2147483647;
			files = (
			);
			inputPaths = (
			);
			name = "[CP] Embed Pods Frameworks";
			outputPaths = (
			);
			runOnlyForDeploymentPostprocessing = 0;
			shellPath = /bin/sh;
			shellScript = "\"${SRCROOT}/Pods/Target Support Files/Pods-PushTapTests/Pods-PushTapTests-frameworks.sh\"\n";
			showEnvVarsInLog = 0;
		};
		5676FE7612FCB0AAB58C9883 /* [CP] Copy Pods Resources */ = {
			isa = PBXShellScriptBuildPhase;
			buildActionMask = 2147483647;
			files = (
			);
			inputPaths = (
			);
			name = "[CP] Copy Pods Resources";
			outputPaths = (
			);
			runOnlyForDeploymentPostprocessing = 0;
			shellPath = /bin/sh;
			shellScript = "\"${SRCROOT}/Pods/Target Support Files/Pods-PushTapUITests/Pods-PushTapUITests-resources.sh\"\n";
			showEnvVarsInLog = 0;
		};
		583676FF1FCF41834184D45B /* [CP] Embed Pods Frameworks */ = {
			isa = PBXShellScriptBuildPhase;
			buildActionMask = 2147483647;
			files = (
			);
			inputPaths = (
				"${SRCROOT}/Pods/Target Support Files/Pods-PushTap/Pods-PushTap-frameworks.sh",
				"${BUILT_PRODUCTS_DIR}/GoogleToolboxForMac/GoogleToolboxForMac.framework",
				"${BUILT_PRODUCTS_DIR}/SwiftyStoreKit/SwiftyStoreKit.framework",
				"${BUILT_PRODUCTS_DIR}/nanopb/nanopb.framework",
			);
			name = "[CP] Embed Pods Frameworks";
			outputPaths = (
				"${TARGET_BUILD_DIR}/${FRAMEWORKS_FOLDER_PATH}/GoogleToolboxForMac.framework",
				"${TARGET_BUILD_DIR}/${FRAMEWORKS_FOLDER_PATH}/SwiftyStoreKit.framework",
				"${TARGET_BUILD_DIR}/${FRAMEWORKS_FOLDER_PATH}/nanopb.framework",
			);
			runOnlyForDeploymentPostprocessing = 0;
			shellPath = /bin/sh;
			shellScript = "\"${SRCROOT}/Pods/Target Support Files/Pods-PushTap/Pods-PushTap-frameworks.sh\"\n";
			showEnvVarsInLog = 0;
		};
		5D30B01E85B1D6C77C6984D4 /* [CP] Copy Pods Resources */ = {
			isa = PBXShellScriptBuildPhase;
			buildActionMask = 2147483647;
			files = (
			);
			inputPaths = (
			);
			name = "[CP] Copy Pods Resources";
			outputPaths = (
			);
			runOnlyForDeploymentPostprocessing = 0;
			shellPath = /bin/sh;
			shellScript = "\"${SRCROOT}/Pods/Target Support Files/Pods-PushTapTests/Pods-PushTapTests-resources.sh\"\n";
			showEnvVarsInLog = 0;
		};
		740C89B6FBAE3F3709530810 /* [CP] Check Pods Manifest.lock */ = {
			isa = PBXShellScriptBuildPhase;
			buildActionMask = 2147483647;
			files = (
			);
			inputPaths = (
				"${PODS_PODFILE_DIR_PATH}/Podfile.lock",
				"${PODS_ROOT}/Manifest.lock",
			);
			name = "[CP] Check Pods Manifest.lock";
			outputPaths = (
				"$(DERIVED_FILE_DIR)/Pods-PushTapUITests-checkManifestLockResult.txt",
			);
			runOnlyForDeploymentPostprocessing = 0;
			shellPath = /bin/sh;
			shellScript = "diff \"${PODS_PODFILE_DIR_PATH}/Podfile.lock\" \"${PODS_ROOT}/Manifest.lock\" > /dev/null\nif [ $? != 0 ] ; then\n    # print error to STDERR\n    echo \"error: The sandbox is not in sync with the Podfile.lock. Run 'pod install' or update your CocoaPods installation.\" >&2\n    exit 1\nfi\n# This output is used by Xcode 'outputs' to avoid re-running this script phase.\necho \"SUCCESS\" > \"${SCRIPT_OUTPUT_FILE_0}\"\n";
			showEnvVarsInLog = 0;
		};
		7B70A441B84FF0A9DBCE1AFF /* [CP] Check Pods Manifest.lock */ = {
			isa = PBXShellScriptBuildPhase;
			buildActionMask = 2147483647;
			files = (
			);
			inputPaths = (
				"${PODS_PODFILE_DIR_PATH}/Podfile.lock",
				"${PODS_ROOT}/Manifest.lock",
			);
			name = "[CP] Check Pods Manifest.lock";
			outputPaths = (
				"$(DERIVED_FILE_DIR)/Pods-PushTap-checkManifestLockResult.txt",
			);
			runOnlyForDeploymentPostprocessing = 0;
			shellPath = /bin/sh;
			shellScript = "diff \"${PODS_PODFILE_DIR_PATH}/Podfile.lock\" \"${PODS_ROOT}/Manifest.lock\" > /dev/null\nif [ $? != 0 ] ; then\n    # print error to STDERR\n    echo \"error: The sandbox is not in sync with the Podfile.lock. Run 'pod install' or update your CocoaPods installation.\" >&2\n    exit 1\nfi\n# This output is used by Xcode 'outputs' to avoid re-running this script phase.\necho \"SUCCESS\" > \"${SCRIPT_OUTPUT_FILE_0}\"\n";
			showEnvVarsInLog = 0;
		};
		A5B69A1D4869F12ED2460D1A /* [CP] Copy Pods Resources */ = {
			isa = PBXShellScriptBuildPhase;
			buildActionMask = 2147483647;
			files = (
			);
			inputPaths = (
			);
			name = "[CP] Copy Pods Resources";
			outputPaths = (
			);
			runOnlyForDeploymentPostprocessing = 0;
			shellPath = /bin/sh;
			shellScript = "\"${SRCROOT}/Pods/Target Support Files/Pods-PushTap/Pods-PushTap-resources.sh\"\n";
			showEnvVarsInLog = 0;
		};
/* End PBXShellScriptBuildPhase section */

/* Begin PBXSourcesBuildPhase section */
		F7F533B220104A16004A214D /* Sources */ = {
			isa = PBXSourcesBuildPhase;
			buildActionMask = 2147483647;
			files = (
				F7F533C020104A16004A214D /* GameScene.swift in Sources */,
				F7FDED0E2019BD0500D52E2A /* StartMenu.swift in Sources */,
				F7F533C220104A16004A214D /* GameViewController.swift in Sources */,
				F7F533BA20104A16004A214D /* AppDelegate.swift in Sources */,
				F76EABD4202381B400BE7279 /* GameOverScreen.swift in Sources */,
			);
			runOnlyForDeploymentPostprocessing = 0;
		};
		F7F533CC20104A16004A214D /* Sources */ = {
			isa = PBXSourcesBuildPhase;
			buildActionMask = 2147483647;
			files = (
				F7F533D520104A16004A214D /* PushTapTests.swift in Sources */,
			);
			runOnlyForDeploymentPostprocessing = 0;
		};
		F7F533D720104A16004A214D /* Sources */ = {
			isa = PBXSourcesBuildPhase;
			buildActionMask = 2147483647;
			files = (
				F7F533E020104A16004A214D /* PushTapUITests.swift in Sources */,
			);
			runOnlyForDeploymentPostprocessing = 0;
		};
/* End PBXSourcesBuildPhase section */

/* Begin PBXTargetDependency section */
		F7F533D220104A16004A214D /* PBXTargetDependency */ = {
			isa = PBXTargetDependency;
			target = F7F533B520104A16004A214D /* PushTap */;
			targetProxy = F7F533D120104A16004A214D /* PBXContainerItemProxy */;
		};
		F7F533DD20104A16004A214D /* PBXTargetDependency */ = {
			isa = PBXTargetDependency;
			target = F7F533B520104A16004A214D /* PushTap */;
			targetProxy = F7F533DC20104A16004A214D /* PBXContainerItemProxy */;
		};
/* End PBXTargetDependency section */

/* Begin PBXVariantGroup section */
		F7F533C320104A16004A214D /* Main.storyboard */ = {
			isa = PBXVariantGroup;
			children = (
				F7F533C420104A16004A214D /* Base */,
			);
			name = Main.storyboard;
			sourceTree = "<group>";
		};
		F7F533C820104A16004A214D /* LaunchScreen.storyboard */ = {
			isa = PBXVariantGroup;
			children = (
				F7F533C920104A16004A214D /* Base */,
			);
			name = LaunchScreen.storyboard;
			sourceTree = "<group>";
		};
/* End PBXVariantGroup section */

/* Begin XCBuildConfiguration section */
		F7F533E220104A16004A214D /* Debug */ = {
			isa = XCBuildConfiguration;
			buildSettings = {
				ALWAYS_SEARCH_USER_PATHS = NO;
				CLANG_ANALYZER_NONNULL = YES;
				CLANG_ANALYZER_NUMBER_OBJECT_CONVERSION = YES_AGGRESSIVE;
				CLANG_CXX_LANGUAGE_STANDARD = "gnu++14";
				CLANG_CXX_LIBRARY = "libc++";
				CLANG_ENABLE_MODULES = YES;
				CLANG_ENABLE_OBJC_ARC = YES;
				CLANG_WARN_BLOCK_CAPTURE_AUTORELEASING = YES;
				CLANG_WARN_BOOL_CONVERSION = YES;
				CLANG_WARN_COMMA = YES;
				CLANG_WARN_CONSTANT_CONVERSION = YES;
				CLANG_WARN_DIRECT_OBJC_ISA_USAGE = YES_ERROR;
				CLANG_WARN_DOCUMENTATION_COMMENTS = YES;
				CLANG_WARN_EMPTY_BODY = YES;
				CLANG_WARN_ENUM_CONVERSION = YES;
				CLANG_WARN_INFINITE_RECURSION = YES;
				CLANG_WARN_INT_CONVERSION = YES;
				CLANG_WARN_NON_LITERAL_NULL_CONVERSION = YES;
				CLANG_WARN_OBJC_LITERAL_CONVERSION = YES;
				CLANG_WARN_OBJC_ROOT_CLASS = YES_ERROR;
				CLANG_WARN_RANGE_LOOP_ANALYSIS = YES;
				CLANG_WARN_STRICT_PROTOTYPES = YES;
				CLANG_WARN_SUSPICIOUS_MOVE = YES;
				CLANG_WARN_UNGUARDED_AVAILABILITY = YES_AGGRESSIVE;
				CLANG_WARN_UNREACHABLE_CODE = YES;
				CLANG_WARN__DUPLICATE_METHOD_MATCH = YES;
				CODE_SIGN_IDENTITY = "iPhone Developer";
				COPY_PHASE_STRIP = NO;
				DEBUG_INFORMATION_FORMAT = dwarf;
				ENABLE_STRICT_OBJC_MSGSEND = YES;
				ENABLE_TESTABILITY = YES;
				GCC_C_LANGUAGE_STANDARD = gnu11;
				GCC_DYNAMIC_NO_PIC = NO;
				GCC_NO_COMMON_BLOCKS = YES;
				GCC_OPTIMIZATION_LEVEL = 0;
				GCC_PREPROCESSOR_DEFINITIONS = (
					"DEBUG=1",
					"$(inherited)",
				);
				GCC_WARN_64_TO_32_BIT_CONVERSION = YES;
				GCC_WARN_ABOUT_RETURN_TYPE = YES_ERROR;
				GCC_WARN_UNDECLARED_SELECTOR = YES;
				GCC_WARN_UNINITIALIZED_AUTOS = YES_AGGRESSIVE;
				GCC_WARN_UNUSED_FUNCTION = YES;
				GCC_WARN_UNUSED_VARIABLE = YES;
				IPHONEOS_DEPLOYMENT_TARGET = 11.1;
				MTL_ENABLE_DEBUG_INFO = YES;
				ONLY_ACTIVE_ARCH = YES;
				SDKROOT = iphoneos;
				SWIFT_ACTIVE_COMPILATION_CONDITIONS = DEBUG;
				SWIFT_OPTIMIZATION_LEVEL = "-Onone";
			};
			name = Debug;
		};
		F7F533E320104A16004A214D /* Release */ = {
			isa = XCBuildConfiguration;
			buildSettings = {
				ALWAYS_SEARCH_USER_PATHS = NO;
				CLANG_ANALYZER_NONNULL = YES;
				CLANG_ANALYZER_NUMBER_OBJECT_CONVERSION = YES_AGGRESSIVE;
				CLANG_CXX_LANGUAGE_STANDARD = "gnu++14";
				CLANG_CXX_LIBRARY = "libc++";
				CLANG_ENABLE_MODULES = YES;
				CLANG_ENABLE_OBJC_ARC = YES;
				CLANG_WARN_BLOCK_CAPTURE_AUTORELEASING = YES;
				CLANG_WARN_BOOL_CONVERSION = YES;
				CLANG_WARN_COMMA = YES;
				CLANG_WARN_CONSTANT_CONVERSION = YES;
				CLANG_WARN_DIRECT_OBJC_ISA_USAGE = YES_ERROR;
				CLANG_WARN_DOCUMENTATION_COMMENTS = YES;
				CLANG_WARN_EMPTY_BODY = YES;
				CLANG_WARN_ENUM_CONVERSION = YES;
				CLANG_WARN_INFINITE_RECURSION = YES;
				CLANG_WARN_INT_CONVERSION = YES;
				CLANG_WARN_NON_LITERAL_NULL_CONVERSION = YES;
				CLANG_WARN_OBJC_LITERAL_CONVERSION = YES;
				CLANG_WARN_OBJC_ROOT_CLASS = YES_ERROR;
				CLANG_WARN_RANGE_LOOP_ANALYSIS = YES;
				CLANG_WARN_STRICT_PROTOTYPES = YES;
				CLANG_WARN_SUSPICIOUS_MOVE = YES;
				CLANG_WARN_UNGUARDED_AVAILABILITY = YES_AGGRESSIVE;
				CLANG_WARN_UNREACHABLE_CODE = YES;
				CLANG_WARN__DUPLICATE_METHOD_MATCH = YES;
				CODE_SIGN_IDENTITY = "iPhone Developer";
				COPY_PHASE_STRIP = NO;
				DEBUG_INFORMATION_FORMAT = "dwarf-with-dsym";
				ENABLE_NS_ASSERTIONS = NO;
				ENABLE_STRICT_OBJC_MSGSEND = YES;
				GCC_C_LANGUAGE_STANDARD = gnu11;
				GCC_NO_COMMON_BLOCKS = YES;
				GCC_WARN_64_TO_32_BIT_CONVERSION = YES;
				GCC_WARN_ABOUT_RETURN_TYPE = YES_ERROR;
				GCC_WARN_UNDECLARED_SELECTOR = YES;
				GCC_WARN_UNINITIALIZED_AUTOS = YES_AGGRESSIVE;
				GCC_WARN_UNUSED_FUNCTION = YES;
				GCC_WARN_UNUSED_VARIABLE = YES;
				IPHONEOS_DEPLOYMENT_TARGET = 11.1;
				MTL_ENABLE_DEBUG_INFO = NO;
				SDKROOT = iphoneos;
				SWIFT_OPTIMIZATION_LEVEL = "-Owholemodule";
				VALIDATE_PRODUCT = YES;
			};
			name = Release;
		};
		F7F533E520104A16004A214D /* Debug */ = {
			isa = XCBuildConfiguration;
			baseConfigurationReference = 387B3B10CFD3CE254AA97D91 /* Pods-PushTap.debug.xcconfig */;
			buildSettings = {
				ASSETCATALOG_COMPILER_APPICON_NAME = AppIcon;
				CODE_SIGN_STYLE = Automatic;
				DEVELOPMENT_TEAM = 7QH98TGAP8;
				INFOPLIST_FILE = PushTap/Info.plist;
				LD_RUNPATH_SEARCH_PATHS = "$(inherited) @executable_path/Frameworks";
				PRODUCT_BUNDLE_IDENTIFIER = com.mitchellwalters.PushTap;
				PRODUCT_NAME = "$(TARGET_NAME)";
				SWIFT_VERSION = 4.0;
				TARGETED_DEVICE_FAMILY = "1,2";
			};
			name = Debug;
		};
		F7F533E620104A16004A214D /* Release */ = {
			isa = XCBuildConfiguration;
			baseConfigurationReference = 62B55D6FBC5EF34A288000C7 /* Pods-PushTap.release.xcconfig */;
			buildSettings = {
				ASSETCATALOG_COMPILER_APPICON_NAME = AppIcon;
				CODE_SIGN_STYLE = Automatic;
				DEVELOPMENT_TEAM = 7QH98TGAP8;
				INFOPLIST_FILE = PushTap/Info.plist;
				LD_RUNPATH_SEARCH_PATHS = "$(inherited) @executable_path/Frameworks";
				PRODUCT_BUNDLE_IDENTIFIER = com.mitchellwalters.PushTap;
				PRODUCT_NAME = "$(TARGET_NAME)";
				SWIFT_VERSION = 4.0;
				TARGETED_DEVICE_FAMILY = "1,2";
			};
			name = Release;
		};
		F7F533E820104A16004A214D /* Debug */ = {
			isa = XCBuildConfiguration;
			baseConfigurationReference = 1D3410F8E409279CF350C2C7 /* Pods-PushTapTests.debug.xcconfig */;
			buildSettings = {
				ALWAYS_EMBED_SWIFT_STANDARD_LIBRARIES = YES;
				BUNDLE_LOADER = "$(TEST_HOST)";
				CODE_SIGN_STYLE = Automatic;
				DEVELOPMENT_TEAM = 7QH98TGAP8;
				INFOPLIST_FILE = PushTapTests/Info.plist;
				LD_RUNPATH_SEARCH_PATHS = "$(inherited) @executable_path/Frameworks @loader_path/Frameworks";
				PRODUCT_BUNDLE_IDENTIFIER = "vw-krv.PushTapTests";
				PRODUCT_NAME = "$(TARGET_NAME)";
				SWIFT_VERSION = 4.0;
				TARGETED_DEVICE_FAMILY = "1,2";
				TEST_HOST = "$(BUILT_PRODUCTS_DIR)/PushTap.app/PushTap";
			};
			name = Debug;
		};
		F7F533E920104A16004A214D /* Release */ = {
			isa = XCBuildConfiguration;
			baseConfigurationReference = 28E9029CE512EA67B4CED225 /* Pods-PushTapTests.release.xcconfig */;
			buildSettings = {
				ALWAYS_EMBED_SWIFT_STANDARD_LIBRARIES = YES;
				BUNDLE_LOADER = "$(TEST_HOST)";
				CODE_SIGN_STYLE = Automatic;
				DEVELOPMENT_TEAM = 7QH98TGAP8;
				INFOPLIST_FILE = PushTapTests/Info.plist;
				LD_RUNPATH_SEARCH_PATHS = "$(inherited) @executable_path/Frameworks @loader_path/Frameworks";
				PRODUCT_BUNDLE_IDENTIFIER = "vw-krv.PushTapTests";
				PRODUCT_NAME = "$(TARGET_NAME)";
				SWIFT_VERSION = 4.0;
				TARGETED_DEVICE_FAMILY = "1,2";
				TEST_HOST = "$(BUILT_PRODUCTS_DIR)/PushTap.app/PushTap";
			};
			name = Release;
		};
		F7F533EB20104A16004A214D /* Debug */ = {
			isa = XCBuildConfiguration;
			baseConfigurationReference = 3E3FA8FA0D789E5C00A7FDA2 /* Pods-PushTapUITests.debug.xcconfig */;
			buildSettings = {
				ALWAYS_EMBED_SWIFT_STANDARD_LIBRARIES = YES;
				CODE_SIGN_STYLE = Automatic;
				DEVELOPMENT_TEAM = 7QH98TGAP8;
				INFOPLIST_FILE = PushTapUITests/Info.plist;
				LD_RUNPATH_SEARCH_PATHS = "$(inherited) @executable_path/Frameworks @loader_path/Frameworks";
				PRODUCT_BUNDLE_IDENTIFIER = "vw-krv.PushTapUITests";
				PRODUCT_NAME = "$(TARGET_NAME)";
				SWIFT_VERSION = 4.0;
				TARGETED_DEVICE_FAMILY = "1,2";
				TEST_TARGET_NAME = PushTap;
			};
			name = Debug;
		};
		F7F533EC20104A16004A214D /* Release */ = {
			isa = XCBuildConfiguration;
			baseConfigurationReference = 6EFEA7652921650244813DF3 /* Pods-PushTapUITests.release.xcconfig */;
			buildSettings = {
				ALWAYS_EMBED_SWIFT_STANDARD_LIBRARIES = YES;
				CODE_SIGN_STYLE = Automatic;
				DEVELOPMENT_TEAM = 7QH98TGAP8;
				INFOPLIST_FILE = PushTapUITests/Info.plist;
				LD_RUNPATH_SEARCH_PATHS = "$(inherited) @executable_path/Frameworks @loader_path/Frameworks";
				PRODUCT_BUNDLE_IDENTIFIER = "vw-krv.PushTapUITests";
				PRODUCT_NAME = "$(TARGET_NAME)";
				SWIFT_VERSION = 4.0;
				TARGETED_DEVICE_FAMILY = "1,2";
				TEST_TARGET_NAME = PushTap;
			};
			name = Release;
		};
/* End XCBuildConfiguration section */

/* Begin XCConfigurationList section */
		F7F533B120104A16004A214D /* Build configuration list for PBXProject "PushTap" */ = {
			isa = XCConfigurationList;
			buildConfigurations = (
				F7F533E220104A16004A214D /* Debug */,
				F7F533E320104A16004A214D /* Release */,
			);
			defaultConfigurationIsVisible = 0;
			defaultConfigurationName = Release;
		};
		F7F533E420104A16004A214D /* Build configuration list for PBXNativeTarget "PushTap" */ = {
			isa = XCConfigurationList;
			buildConfigurations = (
				F7F533E520104A16004A214D /* Debug */,
				F7F533E620104A16004A214D /* Release */,
			);
			defaultConfigurationIsVisible = 0;
			defaultConfigurationName = Release;
		};
		F7F533E720104A16004A214D /* Build configuration list for PBXNativeTarget "PushTapTests" */ = {
			isa = XCConfigurationList;
			buildConfigurations = (
				F7F533E820104A16004A214D /* Debug */,
				F7F533E920104A16004A214D /* Release */,
			);
			defaultConfigurationIsVisible = 0;
			defaultConfigurationName = Release;
		};
		F7F533EA20104A16004A214D /* Build configuration list for PBXNativeTarget "PushTapUITests" */ = {
			isa = XCConfigurationList;
			buildConfigurations = (
				F7F533EB20104A16004A214D /* Debug */,
				F7F533EC20104A16004A214D /* Release */,
			);
			defaultConfigurationIsVisible = 0;
			defaultConfigurationName = Release;
		};
/* End XCConfigurationList section */
	};
	rootObject = F7F533AE20104A16004A214D /* Project object */;
}
